// !$*UTF8*$!
{
	archiveVersion = 1;
	classes = {
	};
	objectVersion = 56;
	objects = {

/* Begin PBXBuildFile section */
		3F3B76DC2BCFE43500746745 /* AppDelegate.swift in Sources */ = {isa = PBXBuildFile; fileRef = 3F3B76DB2BCFE43500746745 /* AppDelegate.swift */; };
		3F3B76DE2BCFE43500746745 /* SceneDelegate.swift in Sources */ = {isa = PBXBuildFile; fileRef = 3F3B76DD2BCFE43500746745 /* SceneDelegate.swift */; };
		3F3B76E32BCFE43500746745 /* Base in Resources */ = {isa = PBXBuildFile; fileRef = 3F3B76E22BCFE43500746745 /* Base */; };
		3F3B76E52BCFE43600746745 /* Assets.xcassets in Resources */ = {isa = PBXBuildFile; fileRef = 3F3B76E42BCFE43600746745 /* Assets.xcassets */; };
		3F3B76E82BCFE43600746745 /* Base in Resources */ = {isa = PBXBuildFile; fileRef = 3F3B76E72BCFE43600746745 /* Base */; };
		3F3B76F42BCFEDEF00746745 /* AlertBoardViewController.swift in Sources */ = {isa = PBXBuildFile; fileRef = 3F3B76F32BCFEDEF00746745 /* AlertBoardViewController.swift */; };
		3F3B76F62BCFEE0600746745 /* VehicleListViewController.swift in Sources */ = {isa = PBXBuildFile; fileRef = 3F3B76F52BCFEE0600746745 /* VehicleListViewController.swift */; };
		3F3B76F82BCFEE1200746745 /* ProfileViewController.swift in Sources */ = {isa = PBXBuildFile; fileRef = 3F3B76F72BCFEE1200746745 /* ProfileViewController.swift */; };
		3FBF4F9E2BD11F9200AB59FC /* DataModel.swift in Sources */ = {isa = PBXBuildFile; fileRef = 3FBF4F9D2BD11F9200AB59FC /* DataModel.swift */; };
		3FD505F02BDADDC0001A4C35 /* vehicleNumberDisplayCell.swift in Sources */ = {isa = PBXBuildFile; fileRef = 3FD505EF2BDADDC0001A4C35 /* vehicleNumberDisplayCell.swift */; };
		3FD505F72BDAFAC4001A4C35 /* MyDriversListViewController.swift in Sources */ = {isa = PBXBuildFile; fileRef = 3FD505F62BDAFAC4001A4C35 /* MyDriversListViewController.swift */; };
		3FD505F92BDAFB28001A4C35 /* MyDriversDisplayTableViewCell.swift in Sources */ = {isa = PBXBuildFile; fileRef = 3FD505F82BDAFB28001A4C35 /* MyDriversDisplayTableViewCell.swift */; };
/* End PBXBuildFile section */

/* Begin PBXFileReference section */
		3F3B76D82BCFE43500746745 /* vehicleWise.app */ = {isa = PBXFileReference; explicitFileType = wrapper.application; includeInIndex = 0; path = vehicleWise.app; sourceTree = BUILT_PRODUCTS_DIR; };
		3F3B76DB2BCFE43500746745 /* AppDelegate.swift */ = {isa = PBXFileReference; lastKnownFileType = sourcecode.swift; path = AppDelegate.swift; sourceTree = "<group>"; };
		3F3B76DD2BCFE43500746745 /* SceneDelegate.swift */ = {isa = PBXFileReference; lastKnownFileType = sourcecode.swift; path = SceneDelegate.swift; sourceTree = "<group>"; };
		3F3B76E22BCFE43500746745 /* Base */ = {isa = PBXFileReference; lastKnownFileType = file.storyboard; name = Base; path = Base.lproj/Main.storyboard; sourceTree = "<group>"; };
		3F3B76E42BCFE43600746745 /* Assets.xcassets */ = {isa = PBXFileReference; lastKnownFileType = folder.assetcatalog; path = Assets.xcassets; sourceTree = "<group>"; };
		3F3B76E72BCFE43600746745 /* Base */ = {isa = PBXFileReference; lastKnownFileType = file.storyboard; name = Base; path = Base.lproj/LaunchScreen.storyboard; sourceTree = "<group>"; };
		3F3B76E92BCFE43600746745 /* Info.plist */ = {isa = PBXFileReference; lastKnownFileType = text.plist.xml; path = Info.plist; sourceTree = "<group>"; };
		3F3B76F32BCFEDEF00746745 /* AlertBoardViewController.swift */ = {isa = PBXFileReference; lastKnownFileType = sourcecode.swift; path = AlertBoardViewController.swift; sourceTree = "<group>"; };
		3F3B76F52BCFEE0600746745 /* VehicleListViewController.swift */ = {isa = PBXFileReference; lastKnownFileType = sourcecode.swift; path = VehicleListViewController.swift; sourceTree = "<group>"; };
		3F3B76F72BCFEE1200746745 /* ProfileViewController.swift */ = {isa = PBXFileReference; lastKnownFileType = sourcecode.swift; path = ProfileViewController.swift; sourceTree = "<group>"; };
		3FBF4F9D2BD11F9200AB59FC /* DataModel.swift */ = {isa = PBXFileReference; lastKnownFileType = sourcecode.swift; path = DataModel.swift; sourceTree = "<group>"; };
		3FD505EF2BDADDC0001A4C35 /* vehicleNumberDisplayCell.swift */ = {isa = PBXFileReference; lastKnownFileType = sourcecode.swift; path = vehicleNumberDisplayCell.swift; sourceTree = "<group>"; };
		3FD505F62BDAFAC4001A4C35 /* MyDriversListViewController.swift */ = {isa = PBXFileReference; lastKnownFileType = sourcecode.swift; path = MyDriversListViewController.swift; sourceTree = "<group>"; };
		3FD505F82BDAFB28001A4C35 /* MyDriversDisplayTableViewCell.swift */ = {isa = PBXFileReference; lastKnownFileType = sourcecode.swift; path = MyDriversDisplayTableViewCell.swift; sourceTree = "<group>"; };
/* End PBXFileReference section */

/* Begin PBXFrameworksBuildPhase section */
		3F3B76D52BCFE43500746745 /* Frameworks */ = {
			isa = PBXFrameworksBuildPhase;
			buildActionMask = 2147483647;
			files = (
			);
			runOnlyForDeploymentPostprocessing = 0;
		};
/* End PBXFrameworksBuildPhase section */

/* Begin PBXGroup section */
		3F124B232BD8B9C000325297 /* DriversInterface */ = {
			isa = PBXGroup;
			children = (
				3F124B292BD8BA7000325297 /* ViewControllers */,
			);
			path = DriversInterface;
			sourceTree = "<group>";
		};
		3F124B242BD8B9DC00325297 /* LogisticInterface */ = {
			isa = PBXGroup;
			children = (
				3FD505EE2BDADD91001A4C35 /* View */,
				3F124B282BD8BA4B00325297 /* ViewControllers */,
			);
			path = LogisticInterface;
			sourceTree = "<group>";
		};
		3F124B262BD8BA0700325297 /* DataModel */ = {
			isa = PBXGroup;
			children = (
				3FBF4F9D2BD11F9200AB59FC /* DataModel.swift */,
			);
			path = DataModel;
			sourceTree = "<group>";
		};
		3F124B282BD8BA4B00325297 /* ViewControllers */ = {
			isa = PBXGroup;
			children = (
				3F3B76F32BCFEDEF00746745 /* AlertBoardViewController.swift */,
				3F3B76F72BCFEE1200746745 /* ProfileViewController.swift */,
				3F3B76F52BCFEE0600746745 /* VehicleListViewController.swift */,
				3FD505F62BDAFAC4001A4C35 /* MyDriversListViewController.swift */,
			);
			path = ViewControllers;
			sourceTree = "<group>";
		};
		3F124B292BD8BA7000325297 /* ViewControllers */ = {
			isa = PBXGroup;
			children = (
			);
			path = ViewControllers;
			sourceTree = "<group>";
		};
		3F3B76CF2BCFE43500746745 = {
			isa = PBXGroup;
			children = (
				3F3B76DA2BCFE43500746745 /* vehicleWise */,
				3F3B76D92BCFE43500746745 /* Products */,
			);
			sourceTree = "<group>";
		};
		3F3B76D92BCFE43500746745 /* Products */ = {
			isa = PBXGroup;
			children = (
				3F3B76D82BCFE43500746745 /* vehicleWise.app */,
			);
			name = Products;
			sourceTree = "<group>";
		};
		3F3B76DA2BCFE43500746745 /* vehicleWise */ = {
			isa = PBXGroup;
			children = (
				3F124B262BD8BA0700325297 /* DataModel */,
				3F124B242BD8B9DC00325297 /* LogisticInterface */,
				3F124B232BD8B9C000325297 /* DriversInterface */,
				3F3B76DB2BCFE43500746745 /* AppDelegate.swift */,
				3F3B76DD2BCFE43500746745 /* SceneDelegate.swift */,
				3F3B76E12BCFE43500746745 /* Main.storyboard */,
				3F3B76E42BCFE43600746745 /* Assets.xcassets */,
				3F3B76E62BCFE43600746745 /* LaunchScreen.storyboard */,
				3F3B76E92BCFE43600746745 /* Info.plist */,
			);
			path = vehicleWise;
			sourceTree = "<group>";
		};
		3FD505EE2BDADD91001A4C35 /* View */ = {
			isa = PBXGroup;
			children = (
				3FD505EF2BDADDC0001A4C35 /* vehicleNumberDisplayCell.swift */,
				3FD505F82BDAFB28001A4C35 /* MyDriversDisplayTableViewCell.swift */,
			);
			path = View;
			sourceTree = "<group>";
		};
/* End PBXGroup section */

/* Begin PBXNativeTarget section */
		3F3B76D72BCFE43500746745 /* vehicleWise */ = {
			isa = PBXNativeTarget;
			buildConfigurationList = 3F3B76EC2BCFE43600746745 /* Build configuration list for PBXNativeTarget "vehicleWise" */;
			buildPhases = (
				3F3B76D42BCFE43500746745 /* Sources */,
				3F3B76D52BCFE43500746745 /* Frameworks */,
				3F3B76D62BCFE43500746745 /* Resources */,
			);
			buildRules = (
			);
			dependencies = (
			);
			name = vehicleWise;
			productName = vehicleWise;
			productReference = 3F3B76D82BCFE43500746745 /* vehicleWise.app */;
			productType = "com.apple.product-type.application";
		};
/* End PBXNativeTarget section */

/* Begin PBXProject section */
		3F3B76D02BCFE43500746745 /* Project object */ = {
			isa = PBXProject;
			attributes = {
				BuildIndependentTargetsInParallel = 1;
				LastSwiftUpdateCheck = 1530;
				LastUpgradeCheck = 1530;
				TargetAttributes = {
					3F3B76D72BCFE43500746745 = {
						CreatedOnToolsVersion = 15.3;
					};
				};
			};
			buildConfigurationList = 3F3B76D32BCFE43500746745 /* Build configuration list for PBXProject "vehicleWise" */;
			compatibilityVersion = "Xcode 14.0";
			developmentRegion = en;
			hasScannedForEncodings = 0;
			knownRegions = (
				en,
				Base,
			);
			mainGroup = 3F3B76CF2BCFE43500746745;
			productRefGroup = 3F3B76D92BCFE43500746745 /* Products */;
			projectDirPath = "";
			projectRoot = "";
			targets = (
				3F3B76D72BCFE43500746745 /* vehicleWise */,
			);
		};
/* End PBXProject section */

/* Begin PBXResourcesBuildPhase section */
		3F3B76D62BCFE43500746745 /* Resources */ = {
			isa = PBXResourcesBuildPhase;
			buildActionMask = 2147483647;
			files = (
				3F3B76E52BCFE43600746745 /* Assets.xcassets in Resources */,
				3F3B76E82BCFE43600746745 /* Base in Resources */,
				3F3B76E32BCFE43500746745 /* Base in Resources */,
			);
			runOnlyForDeploymentPostprocessing = 0;
		};
/* End PBXResourcesBuildPhase section */

/* Begin PBXSourcesBuildPhase section */
		3F3B76D42BCFE43500746745 /* Sources */ = {
			isa = PBXSourcesBuildPhase;
			buildActionMask = 2147483647;
			files = (
				3F3B76F82BCFEE1200746745 /* ProfileViewController.swift in Sources */,
				3F3B76F42BCFEDEF00746745 /* AlertBoardViewController.swift in Sources */,
				3F3B76DC2BCFE43500746745 /* AppDelegate.swift in Sources */,
				3FD505F02BDADDC0001A4C35 /* vehicleNumberDisplayCell.swift in Sources */,
				3FD505F72BDAFAC4001A4C35 /* MyDriversListViewController.swift in Sources */,
				3FBF4F9E2BD11F9200AB59FC /* DataModel.swift in Sources */,
				3F3B76F62BCFEE0600746745 /* VehicleListViewController.swift in Sources */,
				3FD505F92BDAFB28001A4C35 /* MyDriversDisplayTableViewCell.swift in Sources */,
				3F3B76DE2BCFE43500746745 /* SceneDelegate.swift in Sources */,
			);
			runOnlyForDeploymentPostprocessing = 0;
		};
/* End PBXSourcesBuildPhase section */

/* Begin PBXVariantGroup section */
		3F3B76E12BCFE43500746745 /* Main.storyboard */ = {
			isa = PBXVariantGroup;
			children = (
				3F3B76E22BCFE43500746745 /* Base */,
			);
			name = Main.storyboard;
			sourceTree = "<group>";
		};
		3F3B76E62BCFE43600746745 /* LaunchScreen.storyboard */ = {
			isa = PBXVariantGroup;
			children = (
				3F3B76E72BCFE43600746745 /* Base */,
			);
			name = LaunchScreen.storyboard;
			sourceTree = "<group>";
		};
/* End PBXVariantGroup section */

/* Begin XCBuildConfiguration section */
		3F3B76EA2BCFE43600746745 /* Debug */ = {
			isa = XCBuildConfiguration;
			buildSettings = {
				ALWAYS_SEARCH_USER_PATHS = NO;
				ASSETCATALOG_COMPILER_GENERATE_SWIFT_ASSET_SYMBOL_EXTENSIONS = YES;
				CLANG_ANALYZER_NONNULL = YES;
				CLANG_ANALYZER_NUMBER_OBJECT_CONVERSION = YES_AGGRESSIVE;
				CLANG_CXX_LANGUAGE_STANDARD = "gnu++20";
				CLANG_ENABLE_MODULES = YES;
				CLANG_ENABLE_OBJC_ARC = YES;
				CLANG_ENABLE_OBJC_WEAK = YES;
				CLANG_WARN_BLOCK_CAPTURE_AUTORELEASING = YES;
				CLANG_WARN_BOOL_CONVERSION = YES;
				CLANG_WARN_COMMA = YES;
				CLANG_WARN_CONSTANT_CONVERSION = YES;
				CLANG_WARN_DEPRECATED_OBJC_IMPLEMENTATIONS = YES;
				CLANG_WARN_DIRECT_OBJC_ISA_USAGE = YES_ERROR;
				CLANG_WARN_DOCUMENTATION_COMMENTS = YES;
				CLANG_WARN_EMPTY_BODY = YES;
				CLANG_WARN_ENUM_CONVERSION = YES;
				CLANG_WARN_INFINITE_RECURSION = YES;
				CLANG_WARN_INT_CONVERSION = YES;
				CLANG_WARN_NON_LITERAL_NULL_CONVERSION = YES;
				CLANG_WARN_OBJC_IMPLICIT_RETAIN_SELF = YES;
				CLANG_WARN_OBJC_LITERAL_CONVERSION = YES;
				CLANG_WARN_OBJC_ROOT_CLASS = YES_ERROR;
				CLANG_WARN_QUOTED_INCLUDE_IN_FRAMEWORK_HEADER = YES;
				CLANG_WARN_RANGE_LOOP_ANALYSIS = YES;
				CLANG_WARN_STRICT_PROTOTYPES = YES;
				CLANG_WARN_SUSPICIOUS_MOVE = YES;
				CLANG_WARN_UNGUARDED_AVAILABILITY = YES_AGGRESSIVE;
				CLANG_WARN_UNREACHABLE_CODE = YES;
				CLANG_WARN__DUPLICATE_METHOD_MATCH = YES;
				COPY_PHASE_STRIP = NO;
				DEBUG_INFORMATION_FORMAT = dwarf;
				ENABLE_STRICT_OBJC_MSGSEND = YES;
				ENABLE_TESTABILITY = YES;
				ENABLE_USER_SCRIPT_SANDBOXING = YES;
				GCC_C_LANGUAGE_STANDARD = gnu17;
				GCC_DYNAMIC_NO_PIC = NO;
				GCC_NO_COMMON_BLOCKS = YES;
				GCC_OPTIMIZATION_LEVEL = 0;
				GCC_PREPROCESSOR_DEFINITIONS = (
					"DEBUG=1",
					"$(inherited)",
				);
				GCC_WARN_64_TO_32_BIT_CONVERSION = YES;
				GCC_WARN_ABOUT_RETURN_TYPE = YES_ERROR;
				GCC_WARN_UNDECLARED_SELECTOR = YES;
				GCC_WARN_UNINITIALIZED_AUTOS = YES_AGGRESSIVE;
				GCC_WARN_UNUSED_FUNCTION = YES;
				GCC_WARN_UNUSED_VARIABLE = YES;
				IPHONEOS_DEPLOYMENT_TARGET = 17.4;
				LOCALIZATION_PREFERS_STRING_CATALOGS = YES;
				MTL_ENABLE_DEBUG_INFO = INCLUDE_SOURCE;
				MTL_FAST_MATH = YES;
				ONLY_ACTIVE_ARCH = YES;
				SDKROOT = iphoneos;
				SWIFT_ACTIVE_COMPILATION_CONDITIONS = "DEBUG $(inherited)";
				SWIFT_OPTIMIZATION_LEVEL = "-Onone";
			};
			name = Debug;
		};
		3F3B76EB2BCFE43600746745 /* Release */ = {
			isa = XCBuildConfiguration;
			buildSettings = {
				ALWAYS_SEARCH_USER_PATHS = NO;
				ASSETCATALOG_COMPILER_GENERATE_SWIFT_ASSET_SYMBOL_EXTENSIONS = YES;
				CLANG_ANALYZER_NONNULL = YES;
				CLANG_ANALYZER_NUMBER_OBJECT_CONVERSION = YES_AGGRESSIVE;
				CLANG_CXX_LANGUAGE_STANDARD = "gnu++20";
				CLANG_ENABLE_MODULES = YES;
				CLANG_ENABLE_OBJC_ARC = YES;
				CLANG_ENABLE_OBJC_WEAK = YES;
				CLANG_WARN_BLOCK_CAPTURE_AUTORELEASING = YES;
				CLANG_WARN_BOOL_CONVERSION = YES;
				CLANG_WARN_COMMA = YES;
				CLANG_WARN_CONSTANT_CONVERSION = YES;
				CLANG_WARN_DEPRECATED_OBJC_IMPLEMENTATIONS = YES;
				CLANG_WARN_DIRECT_OBJC_ISA_USAGE = YES_ERROR;
				CLANG_WARN_DOCUMENTATION_COMMENTS = YES;
				CLANG_WARN_EMPTY_BODY = YES;
				CLANG_WARN_ENUM_CONVERSION = YES;
				CLANG_WARN_INFINITE_RECURSION = YES;
				CLANG_WARN_INT_CONVERSION = YES;
				CLANG_WARN_NON_LITERAL_NULL_CONVERSION = YES;
				CLANG_WARN_OBJC_IMPLICIT_RETAIN_SELF = YES;
				CLANG_WARN_OBJC_LITERAL_CONVERSION = YES;
				CLANG_WARN_OBJC_ROOT_CLASS = YES_ERROR;
				CLANG_WARN_QUOTED_INCLUDE_IN_FRAMEWORK_HEADER = YES;
				CLANG_WARN_RANGE_LOOP_ANALYSIS = YES;
				CLANG_WARN_STRICT_PROTOTYPES = YES;
				CLANG_WARN_SUSPICIOUS_MOVE = YES;
				CLANG_WARN_UNGUARDED_AVAILABILITY = YES_AGGRESSIVE;
				CLANG_WARN_UNREACHABLE_CODE = YES;
				CLANG_WARN__DUPLICATE_METHOD_MATCH = YES;
				COPY_PHASE_STRIP = NO;
				DEBUG_INFORMATION_FORMAT = "dwarf-with-dsym";
				ENABLE_NS_ASSERTIONS = NO;
				ENABLE_STRICT_OBJC_MSGSEND = YES;
				ENABLE_USER_SCRIPT_SANDBOXING = YES;
				GCC_C_LANGUAGE_STANDARD = gnu17;
				GCC_NO_COMMON_BLOCKS = YES;
				GCC_WARN_64_TO_32_BIT_CONVERSION = YES;
				GCC_WARN_ABOUT_RETURN_TYPE = YES_ERROR;
				GCC_WARN_UNDECLARED_SELECTOR = YES;
				GCC_WARN_UNINITIALIZED_AUTOS = YES_AGGRESSIVE;
				GCC_WARN_UNUSED_FUNCTION = YES;
				GCC_WARN_UNUSED_VARIABLE = YES;
				IPHONEOS_DEPLOYMENT_TARGET = 17.4;
				LOCALIZATION_PREFERS_STRING_CATALOGS = YES;
				MTL_ENABLE_DEBUG_INFO = NO;
				MTL_FAST_MATH = YES;
				SDKROOT = iphoneos;
				SWIFT_COMPILATION_MODE = wholemodule;
				VALIDATE_PRODUCT = YES;
			};
			name = Release;
		};
		3F3B76ED2BCFE43600746745 /* Debug */ = {
			isa = XCBuildConfiguration;
			buildSettings = {
				ASSETCATALOG_COMPILER_APPICON_NAME = AppIcon;
				ASSETCATALOG_COMPILER_GLOBAL_ACCENT_COLOR_NAME = AccentColor;
				CODE_SIGN_STYLE = Automatic;
				CURRENT_PROJECT_VERSION = 1;
				DEVELOPMENT_TEAM = 2B4QLP2UQ6;
				GENERATE_INFOPLIST_FILE = YES;
				INFOPLIST_FILE = vehicleWise/Info.plist;
				INFOPLIST_KEY_UIApplicationSupportsIndirectInputEvents = YES;
				INFOPLIST_KEY_UILaunchStoryboardName = LaunchScreen;
				INFOPLIST_KEY_UIMainStoryboardFile = Main;
				INFOPLIST_KEY_UISupportedInterfaceOrientations_iPad = "UIInterfaceOrientationPortrait UIInterfaceOrientationPortraitUpsideDown UIInterfaceOrientationLandscapeLeft UIInterfaceOrientationLandscapeRight";
				INFOPLIST_KEY_UISupportedInterfaceOrientations_iPhone = "UIInterfaceOrientationPortrait UIInterfaceOrientationLandscapeLeft UIInterfaceOrientationLandscapeRight";
				LD_RUNPATH_SEARCH_PATHS = (
					"$(inherited)",
					"@executable_path/Frameworks",
				);
				MARKETING_VERSION = 1.0;
				PRODUCT_BUNDLE_IDENTIFIER = Tusharcom.example.vehicleWise;
				PRODUCT_NAME = "$(TARGET_NAME)";
				SWIFT_EMIT_LOC_STRINGS = YES;
				SWIFT_VERSION = 5.0;
				TARGETED_DEVICE_FAMILY = "1,2";
			};
			name = Debug;
		};
		3F3B76EE2BCFE43600746745 /* Release */ = {
			isa = XCBuildConfiguration;
			buildSettings = {
				ASSETCATALOG_COMPILER_APPICON_NAME = AppIcon;
				ASSETCATALOG_COMPILER_GLOBAL_ACCENT_COLOR_NAME = AccentColor;
				CODE_SIGN_STYLE = Automatic;
				CURRENT_PROJECT_VERSION = 1;
				DEVELOPMENT_TEAM = 2B4QLP2UQ6;
				GENERATE_INFOPLIST_FILE = YES;
				INFOPLIST_FILE = vehicleWise/Info.plist;
				INFOPLIST_KEY_UIApplicationSupportsIndirectInputEvents = YES;
				INFOPLIST_KEY_UILaunchStoryboardName = LaunchScreen;
				INFOPLIST_KEY_UIMainStoryboardFile = Main;
				INFOPLIST_KEY_UISupportedInterfaceOrientations_iPad = "UIInterfaceOrientationPortrait UIInterfaceOrientationPortraitUpsideDown UIInterfaceOrientationLandscapeLeft UIInterfaceOrientationLandscapeRight";
				INFOPLIST_KEY_UISupportedInterfaceOrientations_iPhone = "UIInterfaceOrientationPortrait UIInterfaceOrientationLandscapeLeft UIInterfaceOrientationLandscapeRight";
				LD_RUNPATH_SEARCH_PATHS = (
					"$(inherited)",
					"@executable_path/Frameworks",
				);
				MARKETING_VERSION = 1.0;
				PRODUCT_BUNDLE_IDENTIFIER = Tusharcom.example.vehicleWise;
				PRODUCT_NAME = "$(TARGET_NAME)";
				SWIFT_EMIT_LOC_STRINGS = YES;
				SWIFT_VERSION = 5.0;
				TARGETED_DEVICE_FAMILY = "1,2";
			};
			name = Release;
		};
/* End XCBuildConfiguration section */

/* Begin XCConfigurationList section */
		3F3B76D32BCFE43500746745 /* Build configuration list for PBXProject "vehicleWise" */ = {
			isa = XCConfigurationList;
			buildConfigurations = (
				3F3B76EA2BCFE43600746745 /* Debug */,
				3F3B76EB2BCFE43600746745 /* Release */,
			);
			defaultConfigurationIsVisible = 0;
			defaultConfigurationName = Release;
		};
		3F3B76EC2BCFE43600746745 /* Build configuration list for PBXNativeTarget "vehicleWise" */ = {
			isa = XCConfigurationList;
			buildConfigurations = (
				3F3B76ED2BCFE43600746745 /* Debug */,
				3F3B76EE2BCFE43600746745 /* Release */,
			);
			defaultConfigurationIsVisible = 0;
			defaultConfigurationName = Release;
		};
/* End XCConfigurationList section */
	};
	rootObject = 3F3B76D02BCFE43500746745 /* Project object */;
}
